
Microsoft Visual Studio Solution File, Format Version 12.00
Project("{FAE04EC0-301F-11D3-BF4B-00C04F79EFBC}") = "Mitochondria.Core", "Mitochondria.Core\Mitochondria.Core.csproj", "{A0F09C90-3677-4AA1-8B20-C19A425B8330}"
EndProject
Project("{FAE04EC0-301F-11D3-BF4B-00C04F79EFBC}") = "Mitochondria.Localization", "Mitochondria.Localization\Mitochondria.Localization.csproj", "{F9B025E7-C315-48FB-901D-F0F775ED11A3}"
EndProject
Project("{FAE04EC0-301F-11D3-BF4B-00C04F79EFBC}") = "Mitochondria.Resources", "Mitochondria.Resources\Mitochondria.Resources.csproj", "{C030302E-157E-4272-A9F3-63DA56C3FF47}"
EndProject
Project("{FAE04EC0-301F-11D3-BF4B-00C04F79EFBC}") = "Mitochondria.Resources.FFmpeg", "Mitochondria.Resources.FFmpeg\Mitochondria.Resources.FFmpeg.csproj", "{A15A9ABB-C18C-4BB8-A577-A573212B79B2}"
EndProject
Project("{FAE04EC0-301F-11D3-BF4B-00C04F79EFBC}") = "Mitochondria.Resources.Primitives", "Mitochondria.Resources.Primitives\Mitochondria.Resources.Primitives.csproj", "{1033DFF2-7BF3-432E-8F66-CFE04957B802}"
EndProject
Project("{FAE04EC0-301F-11D3-BF4B-00C04F79EFBC}") = "Mitochondria.Input", "Mitochondria.Input\Mitochondria.Input.csproj", "{20EB5946-0BF3-435D-900D-3551AA110964}"
EndProject
Global
	GlobalSection(SolutionConfigurationPlatforms) = preSolution
		Debug|Any CPU = Debug|Any CPU
		Release|Any CPU = Release|Any CPU
	EndGlobalSection
	GlobalSection(ProjectConfigurationPlatforms) = postSolution
		{A0F09C90-3677-4AA1-8B20-C19A425B8330}.Debug|Any CPU.ActiveCfg = Debug|Any CPU
		{A0F09C90-3677-4AA1-8B20-C19A425B8330}.Debug|Any CPU.Build.0 = Debug|Any CPU
		{A0F09C90-3677-4AA1-8B20-C19A425B8330}.Release|Any CPU.ActiveCfg = Release|Any CPU
		{A0F09C90-3677-4AA1-8B20-C19A425B8330}.Release|Any CPU.Build.0 = Release|Any CPU
		{F9B025E7-C315-48FB-901D-F0F775ED11A3}.Debug|Any CPU.ActiveCfg = Debug|Any CPU
		{F9B025E7-C315-48FB-901D-F0F775ED11A3}.Debug|Any CPU.Build.0 = Debug|Any CPU
		{F9B025E7-C315-48FB-901D-F0F775ED11A3}.Release|Any CPU.ActiveCfg = Release|Any CPU
		{F9B025E7-C315-48FB-901D-F0F775ED11A3}.Release|Any CPU.Build.0 = Release|Any CPU
		{C030302E-157E-4272-A9F3-63DA56C3FF47}.Debug|Any CPU.ActiveCfg = Debug|Any CPU
		{C030302E-157E-4272-A9F3-63DA56C3FF47}.Debug|Any CPU.Build.0 = Debug|Any CPU
		{C030302E-157E-4272-A9F3-63DA56C3FF47}.Release|Any CPU.ActiveCfg = Release|Any CPU
		{C030302E-157E-4272-A9F3-63DA56C3FF47}.Release|Any CPU.Build.0 = Release|Any CPU
		{A15A9ABB-C18C-4BB8-A577-A573212B79B2}.Debug|Any CPU.ActiveCfg = Debug|Any CPU
		{A15A9ABB-C18C-4BB8-A577-A573212B79B2}.Debug|Any CPU.Build.0 = Debug|Any CPU
		{A15A9ABB-C18C-4BB8-A577-A573212B79B2}.Release|Any CPU.ActiveCfg = Release|Any CPU
		{A15A9ABB-C18C-4BB8-A577-A573212B79B2}.Release|Any CPU.Build.0 = Release|Any CPU
		{1033DFF2-7BF3-432E-8F66-CFE04957B802}.Debug|Any CPU.ActiveCfg = Debug|Any CPU
		{1033DFF2-7BF3-432E-8F66-CFE04957B802}.Debug|Any CPU.Build.0 = Debug|Any CPU
		{1033DFF2-7BF3-432E-8F66-CFE04957B802}.Release|Any CPU.ActiveCfg = Release|Any CPU
		{1033DFF2-7BF3-432E-8F66-CFE04957B802}.Release|Any CPU.Build.0 = Release|Any CPU
		{20EB5946-0BF3-435D-900D-3551AA110964}.Debug|Any CPU.ActiveCfg = Debug|Any CPU
		{20EB5946-0BF3-435D-900D-3551AA110964}.Debug|Any CPU.Build.0 = Debug|Any CPU
		{20EB5946-0BF3-435D-900D-3551AA110964}.Release|Any CPU.ActiveCfg = Release|Any CPU
		{20EB5946-0BF3-435D-900D-3551AA110964}.Release|Any CPU.Build.0 = Release|Any CPU
	EndGlobalSection
EndGlobal
